// !$*UTF8*$!
{
	archiveVersion = 1;
	classes = {
	};
	objectVersion = 50;
	objects = {

/* Begin PBXBuildFile section */
		1925FE4F23F2154B002946AB /* AppDelegate.swift in Sources */ = {isa = PBXBuildFile; fileRef = 1925FE4E23F2154B002946AB /* AppDelegate.swift */; };
		1925FE5123F2154B002946AB /* SceneDelegate.swift in Sources */ = {isa = PBXBuildFile; fileRef = 1925FE5023F2154B002946AB /* SceneDelegate.swift */; };
		1925FE5323F2154B002946AB /* LayoutView.swift in Sources */ = {isa = PBXBuildFile; fileRef = 1925FE5223F2154B002946AB /* LayoutView.swift */; };
		1925FE5523F2154C002946AB /* Assets.xcassets in Resources */ = {isa = PBXBuildFile; fileRef = 1925FE5423F2154C002946AB /* Assets.xcassets */; };
		1925FE5823F2154C002946AB /* Preview Assets.xcassets in Resources */ = {isa = PBXBuildFile; fileRef = 1925FE5723F2154C002946AB /* Preview Assets.xcassets */; };
		1925FE5B23F2154C002946AB /* LaunchScreen.storyboard in Resources */ = {isa = PBXBuildFile; fileRef = 1925FE5923F2154C002946AB /* LaunchScreen.storyboard */; };
		194B22722404353900857AFE /* TextFieldsView.swift in Sources */ = {isa = PBXBuildFile; fileRef = 194B22712404353900857AFE /* TextFieldsView.swift */; };
		194B22742404490000857AFE /* LoginView.swift in Sources */ = {isa = PBXBuildFile; fileRef = 194B22732404490000857AFE /* LoginView.swift */; };
		194B22762404797800857AFE /* AppView.swift in Sources */ = {isa = PBXBuildFile; fileRef = 194B22752404797800857AFE /* AppView.swift */; };
		199842C223FAF95A0030A9DB /* OnboardingView.swift in Sources */ = {isa = PBXBuildFile; fileRef = 199842C123FAF95A0030A9DB /* OnboardingView.swift */; };
		199842C423FB282A0030A9DB /* ShapesView.swift in Sources */ = {isa = PBXBuildFile; fileRef = 199842C323FB282A0030A9DB /* ShapesView.swift */; };
/* End PBXBuildFile section */

/* Begin PBXFileReference section */
		1925FE4B23F2154B002946AB /* BigMntChallenge.app */ = {isa = PBXFileReference; explicitFileType = wrapper.application; includeInIndex = 0; path = BigMntChallenge.app; sourceTree = BUILT_PRODUCTS_DIR; };
		1925FE4E23F2154B002946AB /* AppDelegate.swift */ = {isa = PBXFileReference; lastKnownFileType = sourcecode.swift; path = AppDelegate.swift; sourceTree = "<group>"; };
		1925FE5023F2154B002946AB /* SceneDelegate.swift */ = {isa = PBXFileReference; lastKnownFileType = sourcecode.swift; path = SceneDelegate.swift; sourceTree = "<group>"; };
		1925FE5223F2154B002946AB /* LayoutView.swift */ = {isa = PBXFileReference; lastKnownFileType = sourcecode.swift; path = LayoutView.swift; sourceTree = "<group>"; };
		1925FE5423F2154C002946AB /* Assets.xcassets */ = {isa = PBXFileReference; lastKnownFileType = folder.assetcatalog; path = Assets.xcassets; sourceTree = "<group>"; };
		1925FE5723F2154C002946AB /* Preview Assets.xcassets */ = {isa = PBXFileReference; lastKnownFileType = folder.assetcatalog; path = "Preview Assets.xcassets"; sourceTree = "<group>"; };
		1925FE5A23F2154C002946AB /* Base */ = {isa = PBXFileReference; lastKnownFileType = file.storyboard; name = Base; path = Base.lproj/LaunchScreen.storyboard; sourceTree = "<group>"; };
		1925FE5C23F2154C002946AB /* Info.plist */ = {isa = PBXFileReference; lastKnownFileType = text.plist.xml; path = Info.plist; sourceTree = "<group>"; };
		194B22712404353900857AFE /* TextFieldsView.swift */ = {isa = PBXFileReference; lastKnownFileType = sourcecode.swift; path = TextFieldsView.swift; sourceTree = "<group>"; };
		194B22732404490000857AFE /* LoginView.swift */ = {isa = PBXFileReference; lastKnownFileType = sourcecode.swift; path = LoginView.swift; sourceTree = "<group>"; };
		194B22752404797800857AFE /* AppView.swift */ = {isa = PBXFileReference; lastKnownFileType = sourcecode.swift; path = AppView.swift; sourceTree = "<group>"; };
		199842C123FAF95A0030A9DB /* OnboardingView.swift */ = {isa = PBXFileReference; lastKnownFileType = sourcecode.swift; path = OnboardingView.swift; sourceTree = "<group>"; };
		199842C323FB282A0030A9DB /* ShapesView.swift */ = {isa = PBXFileReference; lastKnownFileType = sourcecode.swift; path = ShapesView.swift; sourceTree = "<group>"; };
/* End PBXFileReference section */

/* Begin PBXFrameworksBuildPhase section */
		1925FE4823F2154B002946AB /* Frameworks */ = {
			isa = PBXFrameworksBuildPhase;
			buildActionMask = 2147483647;
			files = (
			);
			runOnlyForDeploymentPostprocessing = 0;
		};
/* End PBXFrameworksBuildPhase section */

/* Begin PBXGroup section */
		1925FE4223F2154B002946AB = {
			isa = PBXGroup;
			children = (
				1925FE4D23F2154B002946AB /* BigMntChallenge */,
				1925FE4C23F2154B002946AB /* Products */,
			);
			sourceTree = "<group>";
		};
		1925FE4C23F2154B002946AB /* Products */ = {
			isa = PBXGroup;
			children = (
				1925FE4B23F2154B002946AB /* BigMntChallenge.app */,
			);
			name = Products;
			sourceTree = "<group>";
		};
		1925FE4D23F2154B002946AB /* BigMntChallenge */ = {
			isa = PBXGroup;
			children = (
				1925FE4E23F2154B002946AB /* AppDelegate.swift */,
				1925FE5423F2154C002946AB /* Assets.xcassets */,
				1925FE5C23F2154C002946AB /* Info.plist */,
				1925FE5923F2154C002946AB /* LaunchScreen.storyboard */,
				1925FE5623F2154C002946AB /* Preview Content */,
				1925FE5023F2154B002946AB /* SceneDelegate.swift */,
				194B227724047C8D00857AFE /* Views */,
			);
			path = BigMntChallenge;
			sourceTree = "<group>";
		};
		1925FE5623F2154C002946AB /* Preview Content */ = {
			isa = PBXGroup;
			children = (
				1925FE5723F2154C002946AB /* Preview Assets.xcassets */,
			);
			path = "Preview Content";
			sourceTree = "<group>";
		};
		194B227724047C8D00857AFE /* Views */ = {
			isa = PBXGroup;
			children = (
				194B22752404797800857AFE /* AppView.swift */,
				1925FE5223F2154B002946AB /* LayoutView.swift */,
				194B22732404490000857AFE /* LoginView.swift */,
				199842C123FAF95A0030A9DB /* OnboardingView.swift */,
				199842C323FB282A0030A9DB /* ShapesView.swift */,
				194B22712404353900857AFE /* TextFieldsView.swift */,
			);
			path = Views;
			sourceTree = "<group>";
		};
/* End PBXGroup section */

/* Begin PBXNativeTarget section */
		1925FE4A23F2154B002946AB /* BigMntChallenge */ = {
			isa = PBXNativeTarget;
			buildConfigurationList = 1925FE5F23F2154C002946AB /* Build configuration list for PBXNativeTarget "BigMntChallenge" */;
			buildPhases = (
				1925FE4723F2154B002946AB /* Sources */,
				1925FE4823F2154B002946AB /* Frameworks */,
				1925FE4923F2154B002946AB /* Resources */,
			);
			buildRules = (
			);
			dependencies = (
			);
			name = BigMntChallenge;
			productName = BigMntChallenge;
			productReference = 1925FE4B23F2154B002946AB /* BigMntChallenge.app */;
			productType = "com.apple.product-type.application";
		};
/* End PBXNativeTarget section */

/* Begin PBXProject section */
		1925FE4323F2154B002946AB /* Project object */ = {
			isa = PBXProject;
			attributes = {
				LastSwiftUpdateCheck = 1130;
				LastUpgradeCheck = 1130;
				ORGANIZATIONNAME = "Pawel Madej";
				TargetAttributes = {
					1925FE4A23F2154B002946AB = {
						CreatedOnToolsVersion = 11.3.1;
					};
				};
			};
			buildConfigurationList = 1925FE4623F2154B002946AB /* Build configuration list for PBXProject "BigMntChallenge" */;
			compatibilityVersion = "Xcode 9.3";
			developmentRegion = en;
			hasScannedForEncodings = 0;
			knownRegions = (
				en,
				Base,
			);
			mainGroup = 1925FE4223F2154B002946AB;
			productRefGroup = 1925FE4C23F2154B002946AB /* Products */;
			projectDirPath = "";
			projectRoot = "";
			targets = (
				1925FE4A23F2154B002946AB /* BigMntChallenge */,
			);
		};
/* End PBXProject section */

/* Begin PBXResourcesBuildPhase section */
		1925FE4923F2154B002946AB /* Resources */ = {
			isa = PBXResourcesBuildPhase;
			buildActionMask = 2147483647;
			files = (
				1925FE5B23F2154C002946AB /* LaunchScreen.storyboard in Resources */,
				1925FE5823F2154C002946AB /* Preview Assets.xcassets in Resources */,
				1925FE5523F2154C002946AB /* Assets.xcassets in Resources */,
			);
			runOnlyForDeploymentPostprocessing = 0;
		};
/* End PBXResourcesBuildPhase section */

/* Begin PBXSourcesBuildPhase section */
		1925FE4723F2154B002946AB /* Sources */ = {
			isa = PBXSourcesBuildPhase;
			buildActionMask = 2147483647;
			files = (
				194B22742404490000857AFE /* LoginView.swift in Sources */,
				1925FE4F23F2154B002946AB /* AppDelegate.swift in Sources */,
				1925FE5123F2154B002946AB /* SceneDelegate.swift in Sources */,
				199842C423FB282A0030A9DB /* ShapesView.swift in Sources */,
				194B22762404797800857AFE /* AppView.swift in Sources */,
				199842C223FAF95A0030A9DB /* OnboardingView.swift in Sources */,
				1925FE5323F2154B002946AB /* LayoutView.swift in Sources */,
				194B22722404353900857AFE /* TextFieldsView.swift in Sources */,
			);
			runOnlyForDeploymentPostprocessing = 0;
		};
/* End PBXSourcesBuildPhase section */

/* Begin PBXVariantGroup section */
		1925FE5923F2154C002946AB /* LaunchScreen.storyboard */ = {
			isa = PBXVariantGroup;
			children = (
				1925FE5A23F2154C002946AB /* Base */,
			);
			name = LaunchScreen.storyboard;
			sourceTree = "<group>";
		};
/* End PBXVariantGroup section */

/* Begin XCBuildConfiguration section */
		1925FE5D23F2154C002946AB /* Debug */ = {
			isa = XCBuildConfiguration;
			buildSettings = {
				ALWAYS_SEARCH_USER_PATHS = NO;
				CLANG_ANALYZER_NONNULL = YES;
				CLANG_ANALYZER_NUMBER_OBJECT_CONVERSION = YES_AGGRESSIVE;
				CLANG_CXX_LANGUAGE_STANDARD = "gnu++14";
				CLANG_CXX_LIBRARY = "libc++";
				CLANG_ENABLE_MODULES = YES;
				CLANG_ENABLE_OBJC_ARC = YES;
				CLANG_ENABLE_OBJC_WEAK = YES;
				CLANG_WARN_BLOCK_CAPTURE_AUTORELEASING = YES;
				CLANG_WARN_BOOL_CONVERSION = YES;
				CLANG_WARN_COMMA = YES;
				CLANG_WARN_CONSTANT_CONVERSION = YES;
				CLANG_WARN_DEPRECATED_OBJC_IMPLEMENTATIONS = YES;
				CLANG_WARN_DIRECT_OBJC_ISA_USAGE = YES_ERROR;
				CLANG_WARN_DOCUMENTATION_COMMENTS = YES;
				CLANG_WARN_EMPTY_BODY = YES;
				CLANG_WARN_ENUM_CONVERSION = YES;
				CLANG_WARN_INFINITE_RECURSION = YES;
				CLANG_WARN_INT_CONVERSION = YES;
				CLANG_WARN_NON_LITERAL_NULL_CONVERSION = YES;
				CLANG_WARN_OBJC_IMPLICIT_RETAIN_SELF = YES;
				CLANG_WARN_OBJC_LITERAL_CONVERSION = YES;
				CLANG_WARN_OBJC_ROOT_CLASS = YES_ERROR;
				CLANG_WARN_RANGE_LOOP_ANALYSIS = YES;
				CLANG_WARN_STRICT_PROTOTYPES = YES;
				CLANG_WARN_SUSPICIOUS_MOVE = YES;
				CLANG_WARN_UNGUARDED_AVAILABILITY = YES_AGGRESSIVE;
				CLANG_WARN_UNREACHABLE_CODE = YES;
				CLANG_WARN__DUPLICATE_METHOD_MATCH = YES;
				COPY_PHASE_STRIP = NO;
				DEBUG_INFORMATION_FORMAT = dwarf;
				ENABLE_STRICT_OBJC_MSGSEND = YES;
				ENABLE_TESTABILITY = YES;
				GCC_C_LANGUAGE_STANDARD = gnu11;
				GCC_DYNAMIC_NO_PIC = NO;
				GCC_NO_COMMON_BLOCKS = YES;
				GCC_OPTIMIZATION_LEVEL = 0;
				GCC_PREPROCESSOR_DEFINITIONS = (
					"DEBUG=1",
					"$(inherited)",
				);
				GCC_WARN_64_TO_32_BIT_CONVERSION = YES;
				GCC_WARN_ABOUT_RETURN_TYPE = YES_ERROR;
				GCC_WARN_UNDECLARED_SELECTOR = YES;
				GCC_WARN_UNINITIALIZED_AUTOS = YES_AGGRESSIVE;
				GCC_WARN_UNUSED_FUNCTION = YES;
				GCC_WARN_UNUSED_VARIABLE = YES;
				IPHONEOS_DEPLOYMENT_TARGET = 13.2;
				MTL_ENABLE_DEBUG_INFO = INCLUDE_SOURCE;
				MTL_FAST_MATH = YES;
				ONLY_ACTIVE_ARCH = YES;
				SDKROOT = iphoneos;
				SWIFT_ACTIVE_COMPILATION_CONDITIONS = DEBUG;
				SWIFT_OPTIMIZATION_LEVEL = "-Onone";
			};
			name = Debug;
		};
		1925FE5E23F2154C002946AB /* Release */ = {
			isa = XCBuildConfiguration;
			buildSettings = {
				ALWAYS_SEARCH_USER_PATHS = NO;
				CLANG_ANALYZER_NONNULL = YES;
				CLANG_ANALYZER_NUMBER_OBJECT_CONVERSION = YES_AGGRESSIVE;
				CLANG_CXX_LANGUAGE_STANDARD = "gnu++14";
				CLANG_CXX_LIBRARY = "libc++";
				CLANG_ENABLE_MODULES = YES;
				CLANG_ENABLE_OBJC_ARC = YES;
				CLANG_ENABLE_OBJC_WEAK = YES;
				CLANG_WARN_BLOCK_CAPTURE_AUTORELEASING = YES;
				CLANG_WARN_BOOL_CONVERSION = YES;
				CLANG_WARN_COMMA = YES;
				CLANG_WARN_CONSTANT_CONVERSION = YES;
				CLANG_WARN_DEPRECATED_OBJC_IMPLEMENTATIONS = YES;
				CLANG_WARN_DIRECT_OBJC_ISA_USAGE = YES_ERROR;
				CLANG_WARN_DOCUMENTATION_COMMENTS = YES;
				CLANG_WARN_EMPTY_BODY = YES;
				CLANG_WARN_ENUM_CONVERSION = YES;
				CLANG_WARN_INFINITE_RECURSION = YES;
				CLANG_WARN_INT_CONVERSION = YES;
				CLANG_WARN_NON_LITERAL_NULL_CONVERSION = YES;
				CLANG_WARN_OBJC_IMPLICIT_RETAIN_SELF = YES;
				CLANG_WARN_OBJC_LITERAL_CONVERSION = YES;
				CLANG_WARN_OBJC_ROOT_CLASS = YES_ERROR;
				CLANG_WARN_RANGE_LOOP_ANALYSIS = YES;
				CLANG_WARN_STRICT_PROTOTYPES = YES;
				CLANG_WARN_SUSPICIOUS_MOVE = YES;
				CLANG_WARN_UNGUARDED_AVAILABILITY = YES_AGGRESSIVE;
				CLANG_WARN_UNREACHABLE_CODE = YES;
				CLANG_WARN__DUPLICATE_METHOD_MATCH = YES;
				COPY_PHASE_STRIP = NO;
				DEBUG_INFORMATION_FORMAT = "dwarf-with-dsym";
				ENABLE_NS_ASSERTIONS = NO;
				ENABLE_STRICT_OBJC_MSGSEND = YES;
				GCC_C_LANGUAGE_STANDARD = gnu11;
				GCC_NO_COMMON_BLOCKS = YES;
				GCC_WARN_64_TO_32_BIT_CONVERSION = YES;
				GCC_WARN_ABOUT_RETURN_TYPE = YES_ERROR;
				GCC_WARN_UNDECLARED_SELECTOR = YES;
				GCC_WARN_UNINITIALIZED_AUTOS = YES_AGGRESSIVE;
				GCC_WARN_UNUSED_FUNCTION = YES;
				GCC_WARN_UNUSED_VARIABLE = YES;
				IPHONEOS_DEPLOYMENT_TARGET = 13.2;
				MTL_ENABLE_DEBUG_INFO = NO;
				MTL_FAST_MATH = YES;
				SDKROOT = iphoneos;
				SWIFT_COMPILATION_MODE = wholemodule;
				SWIFT_OPTIMIZATION_LEVEL = "-O";
				VALIDATE_PRODUCT = YES;
			};
			name = Release;
		};
		1925FE6023F2154C002946AB /* Debug */ = {
			isa = XCBuildConfiguration;
			buildSettings = {
				ASSETCATALOG_COMPILER_APPICON_NAME = AppIcon;
				CODE_SIGN_STYLE = Automatic;
				DEVELOPMENT_ASSET_PATHS = "\"BigMntChallenge/Preview Content\"";
				DEVELOPMENT_TEAM = 2V3QZ9464D;
				ENABLE_PREVIEWS = YES;
				INFOPLIST_FILE = BigMntChallenge/Info.plist;
				LD_RUNPATH_SEARCH_PATHS = (
					"$(inherited)",
					"@executable_path/Frameworks",
				);
				PRODUCT_BUNDLE_IDENTIFIER = com.pawelmadej.BigMntChallenge;
				PRODUCT_NAME = "$(TARGET_NAME)";
				SWIFT_VERSION = 5.0;
				TARGETED_DEVICE_FAMILY = "1,2";
			};
			name = Debug;
		};
		1925FE6123F2154C002946AB /* Release */ = {
			isa = XCBuildConfiguration;
			buildSettings = {
				ASSETCATALOG_COMPILER_APPICON_NAME = AppIcon;
				CODE_SIGN_STYLE = Automatic;
				DEVELOPMENT_ASSET_PATHS = "\"BigMntChallenge/Preview Content\"";
				DEVELOPMENT_TEAM = 2V3QZ9464D;
				ENABLE_PREVIEWS = YES;
				INFOPLIST_FILE = BigMntChallenge/Info.plist;
				LD_RUNPATH_SEARCH_PATHS = (
					"$(inherited)",
					"@executable_path/Frameworks",
				);
				PRODUCT_BUNDLE_IDENTIFIER = com.pawelmadej.BigMntChallenge;
				PRODUCT_NAME = "$(TARGET_NAME)";
				SWIFT_VERSION = 5.0;
				TARGETED_DEVICE_FAMILY = "1,2";
			};
			name = Release;
		};
/* End XCBuildConfiguration section */

/* Begin XCConfigurationList section */
		1925FE4623F2154B002946AB /* Build configuration list for PBXProject "BigMntChallenge" */ = {
			isa = XCConfigurationList;
			buildConfigurations = (
				1925FE5D23F2154C002946AB /* Debug */,
				1925FE5E23F2154C002946AB /* Release */,
			);
			defaultConfigurationIsVisible = 0;
			defaultConfigurationName = Release;
		};
		1925FE5F23F2154C002946AB /* Build configuration list for PBXNativeTarget "BigMntChallenge" */ = {
			isa = XCConfigurationList;
			buildConfigurations = (
				1925FE6023F2154C002946AB /* Debug */,
				1925FE6123F2154C002946AB /* Release */,
			);
			defaultConfigurationIsVisible = 0;
			defaultConfigurationName = Release;
		};
/* End XCConfigurationList section */
	};
	rootObject = 1925FE4323F2154B002946AB /* Project object */;
}
